
Microsoft Visual Studio Solution File, Format Version 12.00
# Visual Studio 15
VisualStudioVersion = 15.0.26730.12
MinimumVisualStudioVersion = 10.0.40219.1
Project("{FAE04EC0-301F-11D3-BF4B-00C04F79EFBC}") = "GraduationPartyTutoring", "GraduationPartyTutoring\GraduationPartyTutoring.csproj", "{56CE59E6-330A-499E-86B1-A2AED73A030D}"
EndProject
Global
	GlobalSection(SolutionConfigurationPlatforms) = preSolution
		Debug|Any CPU = Debug|Any CPU
		Release|Any CPU = Release|Any CPU
	EndGlobalSection
	GlobalSection(ProjectConfigurationPlatforms) = postSolution
		{56CE59E6-330A-499E-86B1-A2AED73A030D}.Debug|Any CPU.ActiveCfg = Debug|Any CPU
		{56CE59E6-330A-499E-86B1-A2AED73A030D}.Debug|Any CPU.Build.0 = Debug|Any CPU
		{56CE59E6-330A-499E-86B1-A2AED73A030D}.Release|Any CPU.ActiveCfg = Release|Any CPU
		{56CE59E6-330A-499E-86B1-A2AED73A030D}.Release|Any CPU.Build.0 = Release|Any CPU
	EndGlobalSection
	GlobalSection(SolutionProperties) = preSolution
		HideSolutionNode = FALSE
	EndGlobalSection
	GlobalSection(ExtensibilityGlobals) = postSolution
		SolutionGuid = {E86915CD-00B9-4181-B80D-028B88C13858}
	EndGlobalSection
EndGlobal
